{
  "name": "@zintrust/telemetry-dashboard",
  "version": "0.1.27",
  "lockfileVersion": 3,
  "requires": true,
  "packages": {
    "": {
      "name": "@zintrust/telemetry-dashboard",
      "version": "0.1.27",
      "dependencies": {
        "chart.js": "^4.4.0",
        "ws": "^8.17.0"
      },
      "engines": {
        "node": ">=20.0.0"
      },
      "peerDependencies": {
        "@zintrust/core": "file:../../dist"
      }
    },
    "../../dist": {
      "name": "@zintrust/core",
      "version": "0.1.28",
      "license": "MIT",
      "peer": true,
      "dependencies": {
        "bcrypt": "^6.0.0",
        "chalk": "^5.6.2",
        "commander": "^14.0.2",
        "inquirer": "^13.2.1",
        "jsonwebtoken": "^9.0.3"
      },
      "bin": {
        "z": "bin/z.js",
        "zin": "bin/zin.js",
        "zintrust": "bin/zintrust.js",
        "zt": "bin/zt.js"
      },
      "engines": {
        "node": ">=20.0.0",
        "npm": ">=9.0.0"
      }
    },
    "node_modules/@kurkle/color": {
      "version": "0.3.4",
      "resolved": "https://registry.npmjs.org/@kurkle/color/-/color-0.3.4.tgz",
      "integrity": "sha512-M5UknZPHRu3DEDWoipU6sE8PdkZ6Z/S+v4dD+Ke8IaNlpdSQah50lz1KtcFBa2vsdOnwbbnxJwVM4wty6udA5w==",
      "license": "MIT"
    },
    "node_modules/@zintrust/core": {
      "resolved": "../../dist",
      "link": true
    },
    "node_modules/chart.js": {
      "version": "4.5.1",
      "resolved": "https://registry.npmjs.org/chart.js/-/chart.js-4.5.1.tgz",
      "integrity": "sha512-GIjfiT9dbmHRiYi6Nl2yFCq7kkwdkp1W/lp2J99rX0yo9tgJGn3lKQATztIjb5tVtevcBtIdICNWqlq5+E8/Pw==",
      "license": "MIT",
      "dependencies": {
        "@kurkle/color": "^0.3.0"
      },
      "engines": {
        "pnpm": ">=8"
      }
    },
    "node_modules/ws": {
      "version": "8.19.0",
      "resolved": "https://registry.npmjs.org/ws/-/ws-8.19.0.tgz",
      "integrity": "sha512-blAT2mjOEIi0ZzruJfIhb3nps74PRWTCz1IjglWEEpQl5XS/UNama6u2/rjFkDDouqr4L67ry+1aGIALViWjDg==",
      "license": "MIT",
      "engines": {
        "node": ">=10.0.0"
      },
      "peerDependencies": {
        "bufferutil": "^4.0.1",
        "utf-8-validate": ">=5.0.2"
      },
      "peerDependenciesMeta": {
        "bufferutil": {
          "optional": true
        },
        "utf-8-validate": {
          "optional": true
        }
      }
    }
  }
}
