{
  "name": "@zintrust/d1-migrator",
  "version": "0.1.0",
  "lockfileVersion": 3,
  "requires": true,
  "packages": {
    "": {
      "name": "@zintrust/d1-migrator",
      "version": "0.1.0",
      "dependencies": {
        "@zintrust/db-d1": "file:../../packages/db-d1",
        "@zintrust/db-mysql": "file:../../packages/db-mysql",
        "@zintrust/db-postgres": "file:../../packages/db-postgres",
        "@zintrust/db-sqlite": "file:../../packages/db-sqlite",
        "@zintrust/db-sqlserver": "file:../../packages/db-sqlserver"
      },
      "engines": {
        "node": ">=20.0.0"
      },
      "peerDependencies": {
        "@zintrust/core": "file:../../dist"
      }
    },
    "../../dist": {
      "name": "@zintrust/core",
      "version": "0.1.54",
      "license": "MIT",
      "peer": true,
      "dependencies": {
        "@cloudflare/containers": "^0.1.0",
        "@zintrust/workers": "^0.1.31",
        "bcryptjs": "^3.0.3",
        "bullmq": "^5.69.3",
        "chalk": "^5.6.2",
        "commander": "^14.0.3",
        "inquirer": "^13.2.5",
        "jsonwebtoken": "^9.0.3",
        "mysql2": "^3.17.2",
        "pg": "^8.18.0"
      },
      "bin": {
        "z": "bin/z.js",
        "zin": "bin/zin.js",
        "zintrust": "bin/zintrust.js",
        "zt": "bin/zt.js"
      },
      "engines": {
        "node": ">=20.0.0",
        "npm": ">=9.0.0"
      }
    },
    "../db-d1": {
      "name": "@zintrust/db-d1",
      "version": "0.1.27",
      "engines": {
        "node": ">=20.0.0"
      },
      "peerDependencies": {
        "@zintrust/core": "file:../../dist"
      }
    },
    "../db-mysql": {
      "name": "@zintrust/db-mysql",
      "version": "0.1.27",
      "dependencies": {
        "mysql2": "^3.16.0"
      },
      "engines": {
        "node": ">=20.0.0"
      },
      "peerDependencies": {
        "@zintrust/core": "file:../../dist"
      }
    },
    "../db-postgres": {
      "name": "@zintrust/db-postgres",
      "version": "0.1.27",
      "dependencies": {
        "pg": "^8.16.3"
      },
      "engines": {
        "node": ">=20.0.0"
      },
      "peerDependencies": {
        "@zintrust/core": "file:../../dist"
      }
    },
    "../db-sqlite": {
      "name": "@zintrust/db-sqlite",
      "version": "0.1.27",
      "dependencies": {
        "better-sqlite3": "^12.5.0"
      },
      "engines": {
        "node": ">=20.0.0"
      },
      "peerDependencies": {
        "@zintrust/core": "file:../../dist"
      }
    },
    "../db-sqlserver": {
      "name": "@zintrust/db-sqlserver",
      "version": "0.1.27",
      "engines": {
        "node": ">=20.0.0"
      },
      "peerDependencies": {
        "@zintrust/core": "file:../../dist"
      }
    },
    "node_modules/@zintrust/core": {
      "resolved": "../../dist",
      "link": true
    },
    "node_modules/@zintrust/db-d1": {
      "resolved": "../db-d1",
      "link": true
    },
    "node_modules/@zintrust/db-mysql": {
      "resolved": "../db-mysql",
      "link": true
    },
    "node_modules/@zintrust/db-postgres": {
      "resolved": "../db-postgres",
      "link": true
    },
    "node_modules/@zintrust/db-sqlite": {
      "resolved": "../db-sqlite",
      "link": true
    },
    "node_modules/@zintrust/db-sqlserver": {
      "resolved": "../db-sqlserver",
      "link": true
    }
  }
}
