{
  "name": "@zintrust/cloudflare-d1-proxy",
  "version": "0.1.27",
  "lockfileVersion": 3,
  "requires": true,
  "packages": {
    "": {
      "name": "@zintrust/cloudflare-d1-proxy",
      "version": "0.1.27",
      "engines": {
        "node": ">=20.0.0"
      },
      "peerDependencies": {
        "@zintrust/core": "file:../../dist"
      }
    },
    "../../dist": {
      "name": "@zintrust/core",
      "version": "0.1.41",
      "license": "MIT",
      "peer": true,
      "dependencies": {
        "bcryptjs": "^2.4.3",
        "chalk": "^5.6.2",
        "commander": "^14.0.2",
        "inquirer": "^13.2.2",
        "jsonwebtoken": "^9.0.3",
        "mysql2": "^3.16.2"
      },
      "bin": {
        "z": "bin/z.js",
        "zin": "bin/zin.js",
        "zintrust": "bin/zintrust.js",
        "zt": "bin/zt.js"
      },
      "engines": {
        "node": ">=20.0.0",
        "npm": ">=9.0.0"
      }
    },
    "node_modules/@zintrust/core": {
      "resolved": "../../dist",
      "link": true
    }
  }
}
